
Microsoft Visual Studio Solution File, Format Version 12.00
# Visual Studio Version 16
VisualStudioVersion = 16.0.30804.86
MinimumVisualStudioVersion = 10.0.40219.1
Project("{FAE04EC0-301F-11D3-BF4B-00C04F79EFBC}") = "InClass27", "InClass27.csproj", "{21E35955-C04A-4CEB-94A0-EA5E9E080C4C}"
EndProject
Global
	GlobalSection(SolutionConfigurationPlatforms) = preSolution
		Debug|Any CPU = Debug|Any CPU
		Release|Any CPU = Release|Any CPU
	EndGlobalSection
	GlobalSection(ProjectConfigurationPlatforms) = postSolution
		{21E35955-C04A-4CEB-94A0-EA5E9E080C4C}.Debug|Any CPU.ActiveCfg = Debug|Any CPU
		{21E35955-C04A-4CEB-94A0-EA5E9E080C4C}.Debug|Any CPU.Build.0 = Debug|Any CPU
		{21E35955-C04A-4CEB-94A0-EA5E9E080C4C}.Release|Any CPU.ActiveCfg = Release|Any CPU
		{21E35955-C04A-4CEB-94A0-EA5E9E080C4C}.Release|Any CPU.Build.0 = Release|Any CPU
	EndGlobalSection
	GlobalSection(SolutionProperties) = preSolution
		HideSolutionNode = FALSE
	EndGlobalSection
	GlobalSection(ExtensibilityGlobals) = postSolution
		SolutionGuid = {710EEDD4-1777-4024-8889-6F5FAD0FF8D2}
	EndGlobalSection
EndGlobal
