
Microsoft Visual Studio Solution File, Format Version 12.00
# Visual Studio Version 16
VisualStudioVersion = 16.0.30804.86
MinimumVisualStudioVersion = 10.0.40219.1
Project("{FAE04EC0-301F-11D3-BF4B-00C04F79EFBC}") = "InClass", "InClass.csproj", "{A632BBB2-12AD-4FF3-A651-25E11A327137}"
EndProject
Global
	GlobalSection(SolutionConfigurationPlatforms) = preSolution
		Debug|Any CPU = Debug|Any CPU
		Release|Any CPU = Release|Any CPU
	EndGlobalSection
	GlobalSection(ProjectConfigurationPlatforms) = postSolution
		{A632BBB2-12AD-4FF3-A651-25E11A327137}.Debug|Any CPU.ActiveCfg = Debug|Any CPU
		{A632BBB2-12AD-4FF3-A651-25E11A327137}.Debug|Any CPU.Build.0 = Debug|Any CPU
		{A632BBB2-12AD-4FF3-A651-25E11A327137}.Release|Any CPU.ActiveCfg = Release|Any CPU
		{A632BBB2-12AD-4FF3-A651-25E11A327137}.Release|Any CPU.Build.0 = Release|Any CPU
	EndGlobalSection
	GlobalSection(SolutionProperties) = preSolution
		HideSolutionNode = FALSE
	EndGlobalSection
	GlobalSection(ExtensibilityGlobals) = postSolution
		SolutionGuid = {F284343D-4AF4-4144-AD57-75BF79F82A58}
	EndGlobalSection
EndGlobal
