
Microsoft Visual Studio Solution File, Format Version 12.00
# Visual Studio Version 16
VisualStudioVersion = 16.0.30804.86
MinimumVisualStudioVersion = 10.0.40219.1
Project("{FAE04EC0-301F-11D3-BF4B-00C04F79EFBC}") = "DateMe", "DateMe.csproj", "{385BADA4-D955-4796-8741-1F6540B2118F}"
EndProject
Global
	GlobalSection(SolutionConfigurationPlatforms) = preSolution
		Debug|Any CPU = Debug|Any CPU
		Release|Any CPU = Release|Any CPU
	EndGlobalSection
	GlobalSection(ProjectConfigurationPlatforms) = postSolution
		{385BADA4-D955-4796-8741-1F6540B2118F}.Debug|Any CPU.ActiveCfg = Debug|Any CPU
		{385BADA4-D955-4796-8741-1F6540B2118F}.Debug|Any CPU.Build.0 = Debug|Any CPU
		{385BADA4-D955-4796-8741-1F6540B2118F}.Release|Any CPU.ActiveCfg = Release|Any CPU
		{385BADA4-D955-4796-8741-1F6540B2118F}.Release|Any CPU.Build.0 = Release|Any CPU
	EndGlobalSection
	GlobalSection(SolutionProperties) = preSolution
		HideSolutionNode = FALSE
	EndGlobalSection
	GlobalSection(ExtensibilityGlobals) = postSolution
		SolutionGuid = {8AF088D4-71AF-4457-9BEE-3BEADF532C2E}
	EndGlobalSection
EndGlobal
